
Microsoft Visual Studio Solution File, Format Version 12.00
# Visual Studio Version 16
VisualStudioVersion = 16.0.31729.503
MinimumVisualStudioVersion = 10.0.40219.1
Project("{FAE04EC0-301F-11D3-BF4B-00C04F79EFBC}") = "LoginRegisterApp", "LoginRegisterApp\LoginRegisterApp.csproj", "{14D96A2A-A621-40AB-9FD5-987EA5FBDB14}"
EndProject
Global
	GlobalSection(SolutionConfigurationPlatforms) = preSolution
		Debug|Any CPU = Debug|Any CPU
		Release|Any CPU = Release|Any CPU
	EndGlobalSection
	GlobalSection(ProjectConfigurationPlatforms) = postSolution
		{14D96A2A-A621-40AB-9FD5-987EA5FBDB14}.Debug|Any CPU.ActiveCfg = Debug|Any CPU
		{14D96A2A-A621-40AB-9FD5-987EA5FBDB14}.Debug|Any CPU.Build.0 = Debug|Any CPU
		{14D96A2A-A621-40AB-9FD5-987EA5FBDB14}.Release|Any CPU.ActiveCfg = Release|Any CPU
		{14D96A2A-A621-40AB-9FD5-987EA5FBDB14}.Release|Any CPU.Build.0 = Release|Any CPU
	EndGlobalSection
	GlobalSection(SolutionProperties) = preSolution
		HideSolutionNode = FALSE
	EndGlobalSection
	GlobalSection(ExtensibilityGlobals) = postSolution
		SolutionGuid = {E81A9808-37D6-4E87-8680-4754B587F7F7}
	EndGlobalSection
EndGlobal
